hash: 17ce35fe44b3690c8bf1c886d0184fa3245840f63fa167eabe6eda2a58cf9b8b
updated: 2018-02-07T16:55:28.925031616-05:00
imports:
- name: github.com/codegangsta/cli
  version: 05fe449c81eb7305a34e9253c321c960a1c5e057
- name: github.com/coreos/go-systemd
  version: 5c49e4850c879a0ddc061e8f4adcf307de8a8bc2
  subpackages:
  - activation
  - util
- name: github.com/coreos/pkg
  version: 3ac0863d7acf3bc44daf49afef8919af12f704ef
  subpackages:
  - dlopen
- name: github.com/docker/distribution
  version: dea554fc7cce2f2e7af5b1e1d38e28c5e96e1d9e
  subpackages:
  - digest
  - reference
- name: github.com/docker/engine-api
  version: b66d7d91dbde8b568eab9587fe9cbdd08506ed2e
  subpackages:
  - client
  - client/transport
  - client/transport/cancellable
  - types
  - types/blkiodev
  - types/container
  - types/filters
  - types/mount
  - types/network
  - types/reference
  - types/registry
  - types/strslice
  - types/swarm
  - types/time
  - types/versions
- name: github.com/docker/go-connections
  version: 0bad1a3951398f88ef4dd75fdb42af374430be89
  subpackages:
  - nat
  - sockets
  - tlsconfig
- name: github.com/docker/go-plugins-helpers
  version: f3a3876798ee4f63bee3e7ee8911a2c27e7710b9
  subpackages:
  - network
  - sdk
- name: github.com/docker/go-units
  version: eb879ae3e2b84e2a142af415b679ddeda47ec71c
- name: github.com/Microsoft/go-winio
  version: ce2922f643c8fd76b46cadc7f404a06282678b34
- name: github.com/opencontainers/runc
  version: c520720728515d546d8debe937ff489abf718b79
  subpackages:
  - libcontainer/user
- name: github.com/Sirupsen/logrus
  version: 08a8a7c27e3d058a8989316a850daad1c10bf4ab
- name: github.com/vishvananda/netlink
  version: 63381f39fceb1c5c13503a90e1c2603caeafe3c5
  subpackages:
  - nl
- name: github.com/vishvananda/netns
  version: 8ba1072b58e0c2a240eb5f6120165c7776c3e7b8
- name: golang.org/x/net
  version: 4876518f9e71663000c348837735820161a42df7
  subpackages:
  - context
  - proxy
- name: golang.org/x/sys
  version: a646d33e2ee3172a661fc09bca23bb4889a41bc8
  subpackages:
  - unix
  - windows
testImports: []
