hash: 4879767f7d731f5d79ad9be72a02546f4801dc0a1d344d14ae03f5c5c0cc1009
updated: 2016-02-10T12:38:52.024886133-05:00
imports:
- name: github.com/codegangsta/cli
  version: 0ab42fd482c27cf2c95e7794ad3bb2082c2ab2d7
- name: github.com/docker/go-connections
  version: 3ef1e92d1b93e587895dfa466e1682ae63448801
  subpackages:
  - sockets
- name: github.com/docker/go-plugins-helpers
  version: e121e40d9473dd84b97bbccd835192dce7096f30
  subpackages:
  - network
  - sdk
- name: github.com/docker/go-units
  version: 5d2041e26a699eaca682e2ea41c8f891e1060444
- name: github.com/opencontainers/runc
  version: bfd3345be900663fd0da2af5e916f0d78c58d475
  subpackages:
  - libcontainer/user
- name: github.com/samalba/dockerclient
  version: 4278ba330b9475a8fa85520226479697f6c84482
- name: github.com/Sirupsen/logrus
  version: be52937128b38f1d99787bb476c789e2af1147f1
- name: github.com/vishvananda/netlink
  version: 5a5eb317d73bc513ae0cfea7d9ac3c39f145e1db
  subpackages:
  - nl
devImports: []
