hash: 17ce35fe44b3690c8bf1c886d0184fa3245840f63fa167eabe6eda2a58cf9b8b
updated: 2016-07-27T10:48:48.897532603-04:00
imports:
- name: github.com/codegangsta/cli
  version: d9021faab69f92295ef7061bd39e4a76dcbdef32
- name: github.com/coreos/go-systemd
  version: d6c05a1dcbb5ac02b7653da4d99e5db340c20778
  subpackages:
  - activation
  - util
- name: github.com/coreos/pkg
  version: a48e304ff9331be6d5df352b6b47bd1395ab5dd7
  subpackages:
  - dlopen
- name: github.com/docker/distribution
  version: 4abae2ae560ba91db98779db2739eb97d7592fba
  subpackages:
  - reference
  - digest
- name: github.com/docker/engine-api
  version: dccf10e58ac9d544c9f7fadcc3f60a8413d0df98
  subpackages:
  - client
  - types
  - client/transport
  - client/transport/cancellable
  - types/container
  - types/filters
  - types/network
  - types/reference
  - types/registry
  - types/swarm
  - types/time
  - types/versions
  - types/blkiodev
  - types/strslice
- name: github.com/docker/go-connections
  version: 990a1a1a70b0da4c4cb70e117971a4f0babfbf1a
  subpackages:
  - sockets
  - tlsconfig
  - nat
- name: github.com/docker/go-plugins-helpers
  version: dd9c6831a796ea025dfae8448d6a34d081b99898
  subpackages:
  - network
  - sdk
- name: github.com/docker/go-units
  version: f2d77a61e3c169b43402a0a1e84f06daf29b8190
- name: github.com/Microsoft/go-winio
  version: ce2922f643c8fd76b46cadc7f404a06282678b34
- name: github.com/opencontainers/runc
  version: 522674998576b3aefdde233ffab20f763b83ac19
  subpackages:
  - libcontainer/user
- name: github.com/Sirupsen/logrus
  version: a283a10442df8dc09befd873fab202bf8a253d6a
- name: github.com/vishvananda/netlink
  version: e73bad418fd727ed3a02830b1af1ad0283a1de6c
  subpackages:
  - nl
- name: github.com/vishvananda/netns
  version: 8ba1072b58e0c2a240eb5f6120165c7776c3e7b8
- name: golang.org/x/net
  version: 4876518f9e71663000c348837735820161a42df7
  subpackages:
  - context
  - proxy
- name: golang.org/x/sys
  version: a646d33e2ee3172a661fc09bca23bb4889a41bc8
  subpackages:
  - unix
  - windows
testImports: []
